# THIS IS AN AUTOGENERATED FILE. DO NOT EDIT THIS FILE DIRECTLY.
# yarn lockfile v1


"@types/fs-extra@^9.0.6":
  version "9.0.6"
  resolved "https://registry.npm.taobao.org/@types/fs-extra/download/@types/fs-extra-9.0.6.tgz#488e56b77299899a608b8269719c1d133027a6ab"
  integrity sha1-SI5Wt3KZiZpgi4JpcZwdEzAnpqs=
  dependencies:
    "@types/node" "*"

"@types/node@*", "@types/node@^14.14.22":
  version "14.14.22"
  resolved "https://registry.npm.taobao.org/@types/node/download/@types/node-14.14.22.tgz?cache=0&sync_timestamp=1611167664149&other_urls=https%3A%2F%2Fregistry.npm.taobao.org%2F%40types%2Fnode%2Fdownload%2F%40types%2Fnode-14.14.22.tgz#0d29f382472c4ccf3bd96ff0ce47daf5b7b84b18"
  integrity sha1-DSnzgkcsTM872W/wzkfa9be4Sxg=

at-least-node@^1.0.0:
  version "1.0.0"
  resolved "https://registry.npm.taobao.org/at-least-node/download/at-least-node-1.0.0.tgz#602cd4b46e844ad4effc92a8011a3c46e0238dc2"
  integrity sha1-YCzUtG6EStTv/JKoARo8RuAjjcI=

fs-extra@^9.1.0:
  version "9.1.0"
  resolved "https://registry.npm.taobao.org/fs-extra/download/fs-extra-9.1.0.tgz?cache=0&sync_timestamp=1611075430627&other_urls=https%3A%2F%2Fregistry.npm.taobao.org%2Ffs-extra%2Fdownload%2Ffs-extra-9.1.0.tgz#5954460c764a8da2094ba3554bf839e6b9a7c86d"
  integrity sha1-WVRGDHZKjaIJS6NVS/g55rmnyG0=
  dependencies:
    at-least-node "^1.0.0"
    graceful-fs "^4.2.0"
    jsonfile "^6.0.1"
    universalify "^2.0.0"

graceful-fs@^4.1.6, graceful-fs@^4.2.0:
  version "4.2.4"
  resolved "https://registry.npm.taobao.org/graceful-fs/download/graceful-fs-4.2.4.tgz#2256bde14d3632958c465ebc96dc467ca07a29fb"
  integrity sha1-Ila94U02MpWMRl68ltxGfKB6Kfs=

jsonfile@^6.0.1:
  version "6.1.0"
  resolved "https://registry.npm.taobao.org/jsonfile/download/jsonfile-6.1.0.tgz?cache=0&sync_timestamp=1604161933968&other_urls=https%3A%2F%2Fregistry.npm.taobao.org%2Fjsonfile%2Fdownload%2Fjsonfile-6.1.0.tgz#bc55b2634793c679ec6403094eb13698a6ec0aae"
  integrity sha1-vFWyY0eTxnnsZAMJTrE2mKbsCq4=
  dependencies:
    universalify "^2.0.0"
  optionalDependencies:
    graceful-fs "^4.1.6"

tslib@^2.1.0:
  version "2.1.0"
  resolved "https://registry.npm.taobao.org/tslib/download/tslib-2.1.0.tgz?cache=0&sync_timestamp=1609887581211&other_urls=https%3A%2F%2Fregistry.npm.taobao.org%2Ftslib%2Fdownload%2Ftslib-2.1.0.tgz#da60860f1c2ecaa5703ab7d39bc05b6bf988b97a"
  integrity sha1-2mCGDxwuyqVwOrfTm8Bba/mIuXo=

typescript@^4.1.3:
  version "4.1.3"
  resolved "https://registry.npm.taobao.org/typescript/download/typescript-4.1.3.tgz#519d582bd94cba0cf8934c7d8e8467e473f53bb7"
  integrity sha1-UZ1YK9lMugz4k0x9joRn5HP1O7c=

universalify@^2.0.0:
  version "2.0.0"
  resolved "https://registry.npm.taobao.org/universalify/download/universalify-2.0.0.tgz#75a4984efedc4b08975c5aeb73f530d02df25717"
  integrity sha1-daSYTv7cSwiXXFrrc/Uw0C3yVxc=
